// !$*UTF8*$!
{
	archiveVersion = 1;
	classes = {
	};
	objectVersion = 50;
	objects = {

/* Begin PBXBuildFile section */
		8419D299247A519D00C4F93A /* AppDelegate.swift in Sources */ = {isa = PBXBuildFile; fileRef = 8419D298247A519D00C4F93A /* AppDelegate.swift */; };
		8419D29B247A519D00C4F93A /* SceneDelegate.swift in Sources */ = {isa = PBXBuildFile; fileRef = 8419D29A247A519D00C4F93A /* SceneDelegate.swift */; };
		8419D29D247A519D00C4F93A /* LoginViewController.swift in Sources */ = {isa = PBXBuildFile; fileRef = 8419D29C247A519D00C4F93A /* LoginViewController.swift */; };
		8419D2A0247A519D00C4F93A /* Main.storyboard in Resources */ = {isa = PBXBuildFile; fileRef = 8419D29E247A519D00C4F93A /* Main.storyboard */; };
		8419D2A3247A519D00C4F93A /* FundooApp.xcdatamodeld in Sources */ = {isa = PBXBuildFile; fileRef = 8419D2A1247A519D00C4F93A /* FundooApp.xcdatamodeld */; };
		8419D2A5247A519E00C4F93A /* Assets.xcassets in Resources */ = {isa = PBXBuildFile; fileRef = 8419D2A4247A519E00C4F93A /* Assets.xcassets */; };
		8419D2A8247A519E00C4F93A /* LaunchScreen.storyboard in Resources */ = {isa = PBXBuildFile; fileRef = 8419D2A6247A519E00C4F93A /* LaunchScreen.storyboard */; };
		8419D2B3247A519E00C4F93A /* FundooAppTests.swift in Sources */ = {isa = PBXBuildFile; fileRef = 8419D2B2247A519E00C4F93A /* FundooAppTests.swift */; };
		8419D2BE247AD6AC00C4F93A /* SignupViewContoller.swift in Sources */ = {isa = PBXBuildFile; fileRef = 8419D2BD247AD6AC00C4F93A /* SignupViewContoller.swift */; };
		846DAAC4247BA77E004F3DA0 /* User+CoreDataClass.swift in Sources */ = {isa = PBXBuildFile; fileRef = 846DAAC2247BA77E004F3DA0 /* User+CoreDataClass.swift */; };
		846DAAC5247BA77E004F3DA0 /* User+CoreDataProperties.swift in Sources */ = {isa = PBXBuildFile; fileRef = 846DAAC3247BA77E004F3DA0 /* User+CoreDataProperties.swift */; };
		846DAAC9247BACCE004F3DA0 /* CoreDataService.swift in Sources */ = {isa = PBXBuildFile; fileRef = 846DAAC8247BACCE004F3DA0 /* CoreDataService.swift */; };
		84D5C039247AFC73007EBF8A /* TextFildsValidator.swift in Sources */ = {isa = PBXBuildFile; fileRef = 84D5C038247AFC73007EBF8A /* TextFildsValidator.swift */; };
		84E26B49247C4F8C000D8BE5 /* UserHomeController.swift in Sources */ = {isa = PBXBuildFile; fileRef = 84E26B48247C4F8C000D8BE5 /* UserHomeController.swift */; };
/* End PBXBuildFile section */

/* Begin PBXContainerItemProxy section */
		8419D2AF247A519E00C4F93A /* PBXContainerItemProxy */ = {
			isa = PBXContainerItemProxy;
			containerPortal = 8419D28D247A519D00C4F93A /* Project object */;
			proxyType = 1;
			remoteGlobalIDString = 8419D294247A519D00C4F93A;
			remoteInfo = FundooApp;
		};
/* End PBXContainerItemProxy section */

/* Begin PBXFileReference section */
		8419D295247A519D00C4F93A /* FundooApp.app */ = {isa = PBXFileReference; explicitFileType = wrapper.application; includeInIndex = 0; path = FundooApp.app; sourceTree = BUILT_PRODUCTS_DIR; };
		8419D298247A519D00C4F93A /* AppDelegate.swift */ = {isa = PBXFileReference; lastKnownFileType = sourcecode.swift; path = AppDelegate.swift; sourceTree = "<group>"; };
		8419D29A247A519D00C4F93A /* SceneDelegate.swift */ = {isa = PBXFileReference; lastKnownFileType = sourcecode.swift; path = SceneDelegate.swift; sourceTree = "<group>"; };
		8419D29C247A519D00C4F93A /* LoginViewController.swift */ = {isa = PBXFileReference; lastKnownFileType = sourcecode.swift; path = LoginViewController.swift; sourceTree = "<group>"; };
		8419D29F247A519D00C4F93A /* Base */ = {isa = PBXFileReference; lastKnownFileType = file.storyboard; name = Base; path = Base.lproj/Main.storyboard; sourceTree = "<group>"; };
		8419D2A2247A519D00C4F93A /* FundooApp.xcdatamodel */ = {isa = PBXFileReference; lastKnownFileType = wrapper.xcdatamodel; path = FundooApp.xcdatamodel; sourceTree = "<group>"; };
		8419D2A4247A519E00C4F93A /* Assets.xcassets */ = {isa = PBXFileReference; lastKnownFileType = folder.assetcatalog; path = Assets.xcassets; sourceTree = "<group>"; };
		8419D2A7247A519E00C4F93A /* Base */ = {isa = PBXFileReference; lastKnownFileType = file.storyboard; name = Base; path = Base.lproj/LaunchScreen.storyboard; sourceTree = "<group>"; };
		8419D2A9247A519E00C4F93A /* Info.plist */ = {isa = PBXFileReference; lastKnownFileType = text.plist.xml; path = Info.plist; sourceTree = "<group>"; };
		8419D2AE247A519E00C4F93A /* FundooAppTests.xctest */ = {isa = PBXFileReference; explicitFileType = wrapper.cfbundle; includeInIndex = 0; path = FundooAppTests.xctest; sourceTree = BUILT_PRODUCTS_DIR; };
		8419D2B2247A519E00C4F93A /* FundooAppTests.swift */ = {isa = PBXFileReference; lastKnownFileType = sourcecode.swift; path = FundooAppTests.swift; sourceTree = "<group>"; };
		8419D2B4247A519E00C4F93A /* Info.plist */ = {isa = PBXFileReference; lastKnownFileType = text.plist.xml; path = Info.plist; sourceTree = "<group>"; };
		8419D2BD247AD6AC00C4F93A /* SignupViewContoller.swift */ = {isa = PBXFileReference; lastKnownFileType = sourcecode.swift; path = SignupViewContoller.swift; sourceTree = "<group>"; };
		846DAAC2247BA77E004F3DA0 /* User+CoreDataClass.swift */ = {isa = PBXFileReference; lastKnownFileType = sourcecode.swift; path = "User+CoreDataClass.swift"; sourceTree = "<group>"; };
		846DAAC3247BA77E004F3DA0 /* User+CoreDataProperties.swift */ = {isa = PBXFileReference; lastKnownFileType = sourcecode.swift; path = "User+CoreDataProperties.swift"; sourceTree = "<group>"; };
		846DAAC8247BACCE004F3DA0 /* CoreDataService.swift */ = {isa = PBXFileReference; lastKnownFileType = sourcecode.swift; path = CoreDataService.swift; sourceTree = "<group>"; };
		84D5C038247AFC73007EBF8A /* TextFildsValidator.swift */ = {isa = PBXFileReference; lastKnownFileType = sourcecode.swift; path = TextFildsValidator.swift; sourceTree = "<group>"; };
		84E26B48247C4F8C000D8BE5 /* UserHomeController.swift */ = {isa = PBXFileReference; lastKnownFileType = sourcecode.swift; path = UserHomeController.swift; sourceTree = "<group>"; };
/* End PBXFileReference section */

/* Begin PBXFrameworksBuildPhase section */
		8419D292247A519D00C4F93A /* Frameworks */ = {
			isa = PBXFrameworksBuildPhase;
			buildActionMask = 2147483647;
			files = (
			);
			runOnlyForDeploymentPostprocessing = 0;
		};
		8419D2AB247A519E00C4F93A /* Frameworks */ = {
			isa = PBXFrameworksBuildPhase;
			buildActionMask = 2147483647;
			files = (
			);
			runOnlyForDeploymentPostprocessing = 0;
		};
/* End PBXFrameworksBuildPhase section */

/* Begin PBXGroup section */
		8419D28C247A519D00C4F93A = {
			isa = PBXGroup;
			children = (
				8419D297247A519D00C4F93A /* FundooApp */,
				8419D2B1247A519E00C4F93A /* FundooAppTests */,
				8419D296247A519D00C4F93A /* Products */,
			);
			sourceTree = "<group>";
		};
		8419D296247A519D00C4F93A /* Products */ = {
			isa = PBXGroup;
			children = (
				8419D295247A519D00C4F93A /* FundooApp.app */,
				8419D2AE247A519E00C4F93A /* FundooAppTests.xctest */,
			);
			name = Products;
			sourceTree = "<group>";
		};
		8419D297247A519D00C4F93A /* FundooApp */ = {
			isa = PBXGroup;
			children = (
				84E26B47247C240C000D8BE5 /* Service */,
				84E26B46247C23EF000D8BE5 /* Contoller */,
				84E26B45247C23E2000D8BE5 /* Modal */,
				84E26B44247C23D1000D8BE5 /* View */,
				8419D298247A519D00C4F93A /* AppDelegate.swift */,
				8419D29A247A519D00C4F93A /* SceneDelegate.swift */,
				8419D2A4247A519E00C4F93A /* Assets.xcassets */,
				8419D2A9247A519E00C4F93A /* Info.plist */,
				8419D2A1247A519D00C4F93A /* FundooApp.xcdatamodeld */,
			);
			path = FundooApp;
			sourceTree = "<group>";
		};
		8419D2B1247A519E00C4F93A /* FundooAppTests */ = {
			isa = PBXGroup;
			children = (
				8419D2B2247A519E00C4F93A /* FundooAppTests.swift */,
				8419D2B4247A519E00C4F93A /* Info.plist */,
			);
			path = FundooAppTests;
			sourceTree = "<group>";
		};
		84E26B44247C23D1000D8BE5 /* View */ = {
			isa = PBXGroup;
			children = (
				8419D29E247A519D00C4F93A /* Main.storyboard */,
				8419D2A6247A519E00C4F93A /* LaunchScreen.storyboard */,
			);
			path = View;
			sourceTree = "<group>";
		};
		84E26B45247C23E2000D8BE5 /* Modal */ = {
			isa = PBXGroup;
			children = (
				846DAAC2247BA77E004F3DA0 /* User+CoreDataClass.swift */,
				846DAAC3247BA77E004F3DA0 /* User+CoreDataProperties.swift */,
			);
			path = Modal;
			sourceTree = "<group>";
		};
		84E26B46247C23EF000D8BE5 /* Contoller */ = {
			isa = PBXGroup;
			children = (
				8419D2BD247AD6AC00C4F93A /* SignupViewContoller.swift */,
				8419D29C247A519D00C4F93A /* LoginViewController.swift */,
				84E26B48247C4F8C000D8BE5 /* UserHomeController.swift */,
			);
			path = Contoller;
			sourceTree = "<group>";
		};
		84E26B47247C240C000D8BE5 /* Service */ = {
			isa = PBXGroup;
			children = (
				846DAAC8247BACCE004F3DA0 /* CoreDataService.swift */,
				84D5C038247AFC73007EBF8A /* TextFildsValidator.swift */,
			);
			path = Service;
			sourceTree = "<group>";
		};
/* End PBXGroup section */

/* Begin PBXNativeTarget section */
		8419D294247A519D00C4F93A /* FundooApp */ = {
			isa = PBXNativeTarget;
			buildConfigurationList = 8419D2B7247A519E00C4F93A /* Build configuration list for PBXNativeTarget "FundooApp" */;
			buildPhases = (
				8419D291247A519D00C4F93A /* Sources */,
				8419D292247A519D00C4F93A /* Frameworks */,
				8419D293247A519D00C4F93A /* Resources */,
			);
			buildRules = (
			);
			dependencies = (
			);
			name = FundooApp;
			productName = FundooApp;
			productReference = 8419D295247A519D00C4F93A /* FundooApp.app */;
			productType = "com.apple.product-type.application";
		};
		8419D2AD247A519E00C4F93A /* FundooAppTests */ = {
			isa = PBXNativeTarget;
			buildConfigurationList = 8419D2BA247A519E00C4F93A /* Build configuration list for PBXNativeTarget "FundooAppTests" */;
			buildPhases = (
				8419D2AA247A519E00C4F93A /* Sources */,
				8419D2AB247A519E00C4F93A /* Frameworks */,
				8419D2AC247A519E00C4F93A /* Resources */,
			);
			buildRules = (
			);
			dependencies = (
				8419D2B0247A519E00C4F93A /* PBXTargetDependency */,
			);
			name = FundooAppTests;
			productName = FundooAppTests;
			productReference = 8419D2AE247A519E00C4F93A /* FundooAppTests.xctest */;
			productType = "com.apple.product-type.bundle.unit-test";
		};
/* End PBXNativeTarget section */

/* Begin PBXProject section */
		8419D28D247A519D00C4F93A /* Project object */ = {
			isa = PBXProject;
			attributes = {
				LastSwiftUpdateCheck = 1140;
				LastUpgradeCheck = 1140;
				ORGANIZATIONNAME = admin;
				TargetAttributes = {
					8419D294247A519D00C4F93A = {
						CreatedOnToolsVersion = 11.4.1;
					};
					8419D2AD247A519E00C4F93A = {
						CreatedOnToolsVersion = 11.4.1;
						TestTargetID = 8419D294247A519D00C4F93A;
					};
				};
			};
			buildConfigurationList = 8419D290247A519D00C4F93A /* Build configuration list for PBXProject "FundooApp" */;
			compatibilityVersion = "Xcode 9.3";
			developmentRegion = en;
			hasScannedForEncodings = 0;
			knownRegions = (
				en,
				Base,
			);
			mainGroup = 8419D28C247A519D00C4F93A;
			productRefGroup = 8419D296247A519D00C4F93A /* Products */;
			projectDirPath = "";
			projectRoot = "";
			targets = (
				8419D294247A519D00C4F93A /* FundooApp */,
				8419D2AD247A519E00C4F93A /* FundooAppTests */,
			);
		};
/* End PBXProject section */

/* Begin PBXResourcesBuildPhase section */
		8419D293247A519D00C4F93A /* Resources */ = {
			isa = PBXResourcesBuildPhase;
			buildActionMask = 2147483647;
			files = (
				8419D2A8247A519E00C4F93A /* LaunchScreen.storyboard in Resources */,
				8419D2A5247A519E00C4F93A /* Assets.xcassets in Resources */,
				8419D2A0247A519D00C4F93A /* Main.storyboard in Resources */,
			);
			runOnlyForDeploymentPostprocessing = 0;
		};
		8419D2AC247A519E00C4F93A /* Resources */ = {
			isa = PBXResourcesBuildPhase;
			buildActionMask = 2147483647;
			files = (
			);
			runOnlyForDeploymentPostprocessing = 0;
		};
/* End PBXResourcesBuildPhase section */

/* Begin PBXSourcesBuildPhase section */
		8419D291247A519D00C4F93A /* Sources */ = {
			isa = PBXSourcesBuildPhase;
			buildActionMask = 2147483647;
			files = (
				8419D2BE247AD6AC00C4F93A /* SignupViewContoller.swift in Sources */,
				84E26B49247C4F8C000D8BE5 /* UserHomeController.swift in Sources */,
				8419D29D247A519D00C4F93A /* LoginViewController.swift in Sources */,
				846DAAC5247BA77E004F3DA0 /* User+CoreDataProperties.swift in Sources */,
				8419D299247A519D00C4F93A /* AppDelegate.swift in Sources */,
				8419D2A3247A519D00C4F93A /* FundooApp.xcdatamodeld in Sources */,
				84D5C039247AFC73007EBF8A /* TextFildsValidator.swift in Sources */,
				8419D29B247A519D00C4F93A /* SceneDelegate.swift in Sources */,
				846DAAC9247BACCE004F3DA0 /* CoreDataService.swift in Sources */,
				846DAAC4247BA77E004F3DA0 /* User+CoreDataClass.swift in Sources */,
			);
			runOnlyForDeploymentPostprocessing = 0;
		};
		8419D2AA247A519E00C4F93A /* Sources */ = {
			isa = PBXSourcesBuildPhase;
			buildActionMask = 2147483647;
			files = (
				8419D2B3247A519E00C4F93A /* FundooAppTests.swift in Sources */,
			);
			runOnlyForDeploymentPostprocessing = 0;
		};
/* End PBXSourcesBuildPhase section */

/* Begin PBXTargetDependency section */
		8419D2B0247A519E00C4F93A /* PBXTargetDependency */ = {
			isa = PBXTargetDependency;
			target = 8419D294247A519D00C4F93A /* FundooApp */;
			targetProxy = 8419D2AF247A519E00C4F93A /* PBXContainerItemProxy */;
		};
/* End PBXTargetDependency section */

/* Begin PBXVariantGroup section */
		8419D29E247A519D00C4F93A /* Main.storyboard */ = {
			isa = PBXVariantGroup;
			children = (
				8419D29F247A519D00C4F93A /* Base */,
			);
			name = Main.storyboard;
			sourceTree = "<group>";
		};
		8419D2A6247A519E00C4F93A /* LaunchScreen.storyboard */ = {
			isa = PBXVariantGroup;
			children = (
				8419D2A7247A519E00C4F93A /* Base */,
			);
			name = LaunchScreen.storyboard;
			sourceTree = "<group>";
		};
/* End PBXVariantGroup section */

/* Begin XCBuildConfiguration section */
		8419D2B5247A519E00C4F93A /* Debug */ = {
			isa = XCBuildConfiguration;
			buildSettings = {
				ALWAYS_SEARCH_USER_PATHS = NO;
				CLANG_ANALYZER_NONNULL = YES;
				CLANG_ANALYZER_NUMBER_OBJECT_CONVERSION = YES_AGGRESSIVE;
				CLANG_CXX_LANGUAGE_STANDARD = "gnu++14";
				CLANG_CXX_LIBRARY = "libc++";
				CLANG_ENABLE_MODULES = YES;
				CLANG_ENABLE_OBJC_ARC = YES;
				CLANG_ENABLE_OBJC_WEAK = YES;
				CLANG_WARN_BLOCK_CAPTURE_AUTORELEASING = YES;
				CLANG_WARN_BOOL_CONVERSION = YES;
				CLANG_WARN_COMMA = YES;
				CLANG_WARN_CONSTANT_CONVERSION = YES;
				CLANG_WARN_DEPRECATED_OBJC_IMPLEMENTATIONS = YES;
				CLANG_WARN_DIRECT_OBJC_ISA_USAGE = YES_ERROR;
				CLANG_WARN_DOCUMENTATION_COMMENTS = YES;
				CLANG_WARN_EMPTY_BODY = YES;
				CLANG_WARN_ENUM_CONVERSION = YES;
				CLANG_WARN_INFINITE_RECURSION = YES;
				CLANG_WARN_INT_CONVERSION = YES;
				CLANG_WARN_NON_LITERAL_NULL_CONVERSION = YES;
				CLANG_WARN_OBJC_IMPLICIT_RETAIN_SELF = YES;
				CLANG_WARN_OBJC_LITERAL_CONVERSION = YES;
				CLANG_WARN_OBJC_ROOT_CLASS = YES_ERROR;
				CLANG_WARN_RANGE_LOOP_ANALYSIS = YES;
				CLANG_WARN_STRICT_PROTOTYPES = YES;
				CLANG_WARN_SUSPICIOUS_MOVE = YES;
				CLANG_WARN_UNGUARDED_AVAILABILITY = YES_AGGRESSIVE;
				CLANG_WARN_UNREACHABLE_CODE = YES;
				CLANG_WARN__DUPLICATE_METHOD_MATCH = YES;
				COPY_PHASE_STRIP = NO;
				DEBUG_INFORMATION_FORMAT = dwarf;
				ENABLE_STRICT_OBJC_MSGSEND = YES;
				ENABLE_TESTABILITY = YES;
				GCC_C_LANGUAGE_STANDARD = gnu11;
				GCC_DYNAMIC_NO_PIC = NO;
				GCC_NO_COMMON_BLOCKS = YES;
				GCC_OPTIMIZATION_LEVEL = 0;
				GCC_PREPROCESSOR_DEFINITIONS = (
					"DEBUG=1",
					"$(inherited)",
				);
				GCC_WARN_64_TO_32_BIT_CONVERSION = YES;
				GCC_WARN_ABOUT_RETURN_TYPE = YES_ERROR;
				GCC_WARN_UNDECLARED_SELECTOR = YES;
				GCC_WARN_UNINITIALIZED_AUTOS = YES_AGGRESSIVE;
				GCC_WARN_UNUSED_FUNCTION = YES;
				GCC_WARN_UNUSED_VARIABLE = YES;
				IPHONEOS_DEPLOYMENT_TARGET = 13.4;
				MTL_ENABLE_DEBUG_INFO = INCLUDE_SOURCE;
				MTL_FAST_MATH = YES;
				ONLY_ACTIVE_ARCH = YES;
				SDKROOT = iphoneos;
				SWIFT_ACTIVE_COMPILATION_CONDITIONS = DEBUG;
				SWIFT_OPTIMIZATION_LEVEL = "-Onone";
			};
			name = Debug;
		};
		8419D2B6247A519E00C4F93A /* Release */ = {
			isa = XCBuildConfiguration;
			buildSettings = {
				ALWAYS_SEARCH_USER_PATHS = NO;
				CLANG_ANALYZER_NONNULL = YES;
				CLANG_ANALYZER_NUMBER_OBJECT_CONVERSION = YES_AGGRESSIVE;
				CLANG_CXX_LANGUAGE_STANDARD = "gnu++14";
				CLANG_CXX_LIBRARY = "libc++";
				CLANG_ENABLE_MODULES = YES;
				CLANG_ENABLE_OBJC_ARC = YES;
				CLANG_ENABLE_OBJC_WEAK = YES;
				CLANG_WARN_BLOCK_CAPTURE_AUTORELEASING = YES;
				CLANG_WARN_BOOL_CONVERSION = YES;
				CLANG_WARN_COMMA = YES;
				CLANG_WARN_CONSTANT_CONVERSION = YES;
				CLANG_WARN_DEPRECATED_OBJC_IMPLEMENTATIONS = YES;
				CLANG_WARN_DIRECT_OBJC_ISA_USAGE = YES_ERROR;
				CLANG_WARN_DOCUMENTATION_COMMENTS = YES;
				CLANG_WARN_EMPTY_BODY = YES;
				CLANG_WARN_ENUM_CONVERSION = YES;
				CLANG_WARN_INFINITE_RECURSION = YES;
				CLANG_WARN_INT_CONVERSION = YES;
				CLANG_WARN_NON_LITERAL_NULL_CONVERSION = YES;
				CLANG_WARN_OBJC_IMPLICIT_RETAIN_SELF = YES;
				CLANG_WARN_OBJC_LITERAL_CONVERSION = YES;
				CLANG_WARN_OBJC_ROOT_CLASS = YES_ERROR;
				CLANG_WARN_RANGE_LOOP_ANALYSIS = YES;
				CLANG_WARN_STRICT_PROTOTYPES = YES;
				CLANG_WARN_SUSPICIOUS_MOVE = YES;
				CLANG_WARN_UNGUARDED_AVAILABILITY = YES_AGGRESSIVE;
				CLANG_WARN_UNREACHABLE_CODE = YES;
				CLANG_WARN__DUPLICATE_METHOD_MATCH = YES;
				COPY_PHASE_STRIP = NO;
				DEBUG_INFORMATION_FORMAT = "dwarf-with-dsym";
				ENABLE_NS_ASSERTIONS = NO;
				ENABLE_STRICT_OBJC_MSGSEND = YES;
				GCC_C_LANGUAGE_STANDARD = gnu11;
				GCC_NO_COMMON_BLOCKS = YES;
				GCC_WARN_64_TO_32_BIT_CONVERSION = YES;
				GCC_WARN_ABOUT_RETURN_TYPE = YES_ERROR;
				GCC_WARN_UNDECLARED_SELECTOR = YES;
				GCC_WARN_UNINITIALIZED_AUTOS = YES_AGGRESSIVE;
				GCC_WARN_UNUSED_FUNCTION = YES;
				GCC_WARN_UNUSED_VARIABLE = YES;
				IPHONEOS_DEPLOYMENT_TARGET = 13.4;
				MTL_ENABLE_DEBUG_INFO = NO;
				MTL_FAST_MATH = YES;
				SDKROOT = iphoneos;
				SWIFT_COMPILATION_MODE = wholemodule;
				SWIFT_OPTIMIZATION_LEVEL = "-O";
				VALIDATE_PRODUCT = YES;
			};
			name = Release;
		};
		8419D2B8247A519E00C4F93A /* Debug */ = {
			isa = XCBuildConfiguration;
			buildSettings = {
				ASSETCATALOG_COMPILER_APPICON_NAME = AppIcon;
				CODE_SIGN_STYLE = Automatic;
				INFOPLIST_FILE = FundooApp/Info.plist;
				LD_RUNPATH_SEARCH_PATHS = (
					"$(inherited)",
					"@executable_path/Frameworks",
				);
				PRODUCT_BUNDLE_IDENTIFIER = com.bridgelabz.FundooApp;
				PRODUCT_NAME = "$(TARGET_NAME)";
				SWIFT_VERSION = 5.0;
				TARGETED_DEVICE_FAMILY = "1,2";
			};
			name = Debug;
		};
		8419D2B9247A519E00C4F93A /* Release */ = {
			isa = XCBuildConfiguration;
			buildSettings = {
				ASSETCATALOG_COMPILER_APPICON_NAME = AppIcon;
				CODE_SIGN_STYLE = Automatic;
				INFOPLIST_FILE = FundooApp/Info.plist;
				LD_RUNPATH_SEARCH_PATHS = (
					"$(inherited)",
					"@executable_path/Frameworks",
				);
				PRODUCT_BUNDLE_IDENTIFIER = com.bridgelabz.FundooApp;
				PRODUCT_NAME = "$(TARGET_NAME)";
				SWIFT_VERSION = 5.0;
				TARGETED_DEVICE_FAMILY = "1,2";
			};
			name = Release;
		};
		8419D2BB247A519E00C4F93A /* Debug */ = {
			isa = XCBuildConfiguration;
			buildSettings = {
				ALWAYS_EMBED_SWIFT_STANDARD_LIBRARIES = YES;
				BUNDLE_LOADER = "$(TEST_HOST)";
				CODE_SIGN_STYLE = Automatic;
				INFOPLIST_FILE = FundooAppTests/Info.plist;
				IPHONEOS_DEPLOYMENT_TARGET = 13.4;
				LD_RUNPATH_SEARCH_PATHS = (
					"$(inherited)",
					"@executable_path/Frameworks",
					"@loader_path/Frameworks",
				);
				PRODUCT_BUNDLE_IDENTIFIER = com.bridgelabz.FundooAppTests;
				PRODUCT_NAME = "$(TARGET_NAME)";
				SWIFT_VERSION = 5.0;
				TARGETED_DEVICE_FAMILY = "1,2";
				TEST_HOST = "$(BUILT_PRODUCTS_DIR)/FundooApp.app/FundooApp";
			};
			name = Debug;
		};
		8419D2BC247A519E00C4F93A /* Release */ = {
			isa = XCBuildConfiguration;
			buildSettings = {
				ALWAYS_EMBED_SWIFT_STANDARD_LIBRARIES = YES;
				BUNDLE_LOADER = "$(TEST_HOST)";
				CODE_SIGN_STYLE = Automatic;
				INFOPLIST_FILE = FundooAppTests/Info.plist;
				IPHONEOS_DEPLOYMENT_TARGET = 13.4;
				LD_RUNPATH_SEARCH_PATHS = (
					"$(inherited)",
					"@executable_path/Frameworks",
					"@loader_path/Frameworks",
				);
				PRODUCT_BUNDLE_IDENTIFIER = com.bridgelabz.FundooAppTests;
				PRODUCT_NAME = "$(TARGET_NAME)";
				SWIFT_VERSION = 5.0;
				TARGETED_DEVICE_FAMILY = "1,2";
				TEST_HOST = "$(BUILT_PRODUCTS_DIR)/FundooApp.app/FundooApp";
			};
			name = Release;
		};
/* End XCBuildConfiguration section */

/* Begin XCConfigurationList section */
		8419D290247A519D00C4F93A /* Build configuration list for PBXProject "FundooApp" */ = {
			isa = XCConfigurationList;
			buildConfigurations = (
				8419D2B5247A519E00C4F93A /* Debug */,
				8419D2B6247A519E00C4F93A /* Release */,
			);
			defaultConfigurationIsVisible = 0;
			defaultConfigurationName = Release;
		};
		8419D2B7247A519E00C4F93A /* Build configuration list for PBXNativeTarget "FundooApp" */ = {
			isa = XCConfigurationList;
			buildConfigurations = (
				8419D2B8247A519E00C4F93A /* Debug */,
				8419D2B9247A519E00C4F93A /* Release */,
			);
			defaultConfigurationIsVisible = 0;
			defaultConfigurationName = Release;
		};
		8419D2BA247A519E00C4F93A /* Build configuration list for PBXNativeTarget "FundooAppTests" */ = {
			isa = XCConfigurationList;
			buildConfigurations = (
				8419D2BB247A519E00C4F93A /* Debug */,
				8419D2BC247A519E00C4F93A /* Release */,
			);
			defaultConfigurationIsVisible = 0;
			defaultConfigurationName = Release;
		};
/* End XCConfigurationList section */

/* Begin XCVersionGroup section */
		8419D2A1247A519D00C4F93A /* FundooApp.xcdatamodeld */ = {
			isa = XCVersionGroup;
			children = (
				8419D2A2247A519D00C4F93A /* FundooApp.xcdatamodel */,
			);
			currentVersion = 8419D2A2247A519D00C4F93A /* FundooApp.xcdatamodel */;
			path = FundooApp.xcdatamodeld;
			sourceTree = "<group>";
			versionGroupType = wrapper.xcdatamodel;
		};
/* End XCVersionGroup section */
	};
	rootObject = 8419D28D247A519D00C4F93A /* Project object */;
}
